
Microsoft Visual Studio Solution File, Format Version 12.00
# Visual Studio Version 17
VisualStudioVersion = 17.10.34928.147
MinimumVisualStudioVersion = 10.0.40219.1
Project("{FAE04EC0-301F-11D3-BF4B-00C04F79EFBC}") = "Exercicio2", "Exercicio2\Exercicio2.csproj", "{72C5AB5C-8762-4120-8A3E-BE6FC7C52D68}"
EndProject
Global
	GlobalSection(SolutionConfigurationPlatforms) = preSolution
		Debug|Any CPU = Debug|Any CPU
		Release|Any CPU = Release|Any CPU
	EndGlobalSection
	GlobalSection(ProjectConfigurationPlatforms) = postSolution
		{72C5AB5C-8762-4120-8A3E-BE6FC7C52D68}.Debug|Any CPU.ActiveCfg = Debug|Any CPU
		{72C5AB5C-8762-4120-8A3E-BE6FC7C52D68}.Debug|Any CPU.Build.0 = Debug|Any CPU
		{72C5AB5C-8762-4120-8A3E-BE6FC7C52D68}.Release|Any CPU.ActiveCfg = Release|Any CPU
		{72C5AB5C-8762-4120-8A3E-BE6FC7C52D68}.Release|Any CPU.Build.0 = Release|Any CPU
	EndGlobalSection
	GlobalSection(SolutionProperties) = preSolution
		HideSolutionNode = FALSE
	EndGlobalSection
	GlobalSection(ExtensibilityGlobals) = postSolution
		SolutionGuid = {8B2D5F05-BF22-4137-AB3D-5906DFAE1F2F}
	EndGlobalSection
EndGlobal
